// !$*UTF8*$!
{
	archiveVersion = 1;
	classes = {
	};
	objectVersion = 55;
	objects = {

/* Begin PBXBuildFile section */
		CE763AD828345C4400550A62 /* SourceArchitecture in Frameworks */ = {isa = PBXBuildFile; productRef = CE763AD728345C4400550A62 /* SourceArchitecture */; };
		CE763ADA2835674400550A62 /* ToDoListSource.swift in Sources */ = {isa = PBXBuildFile; fileRef = CE763AD92835674400550A62 /* ToDoListSource.swift */; };
		CE763ADD2836993A00550A62 /* ToDoListView.swift in Sources */ = {isa = PBXBuildFile; fileRef = CE763ADB2836993A00550A62 /* ToDoListView.swift */; };
		CE763ADE2836993A00550A62 /* MainHostingController.swift in Sources */ = {isa = PBXBuildFile; fileRef = CE763ADC2836993A00550A62 /* MainHostingController.swift */; };
		CE763AE028386FF300550A62 /* ToDoItemSource.swift in Sources */ = {isa = PBXBuildFile; fileRef = CE763ADF28386FF300550A62 /* ToDoItemSource.swift */; };
		CE763AE2283AFE6500550A62 /* API.swift in Sources */ = {isa = PBXBuildFile; fileRef = CE763AE1283AFE6500550A62 /* API.swift */; };
		CE763AE4283AFEA500550A62 /* AppDependencies.swift in Sources */ = {isa = PBXBuildFile; fileRef = CE763AE3283AFEA500550A62 /* AppDependencies.swift */; };
		CE763AEB283D85D700550A62 /* OrderedCollections in Frameworks */ = {isa = PBXBuildFile; productRef = CE763AEA283D85D700550A62 /* OrderedCollections */; };
		D67F586F275839EC001CF295 /* AppDelegate.swift in Sources */ = {isa = PBXBuildFile; fileRef = D67F586E275839EC001CF295 /* AppDelegate.swift */; };
		D67F5871275839EC001CF295 /* SceneDelegate.swift in Sources */ = {isa = PBXBuildFile; fileRef = D67F5870275839EC001CF295 /* SceneDelegate.swift */; };
		D67F5876275839EC001CF295 /* Main.storyboard in Resources */ = {isa = PBXBuildFile; fileRef = D67F5874275839EC001CF295 /* Main.storyboard */; };
		D67F5878275839ED001CF295 /* Assets.xcassets in Resources */ = {isa = PBXBuildFile; fileRef = D67F5877275839ED001CF295 /* Assets.xcassets */; };
		D67F587B275839ED001CF295 /* LaunchScreen.storyboard in Resources */ = {isa = PBXBuildFile; fileRef = D67F5879275839ED001CF295 /* LaunchScreen.storyboard */; };
/* End PBXBuildFile section */

/* Begin PBXFileReference section */
		CE763AD528345C3C00550A62 /* SourceArchitecture */ = {isa = PBXFileReference; lastKnownFileType = wrapper; name = SourceArchitecture; path = ../..; sourceTree = "<group>"; };
		CE763AD92835674400550A62 /* ToDoListSource.swift */ = {isa = PBXFileReference; lastKnownFileType = sourcecode.swift; path = ToDoListSource.swift; sourceTree = "<group>"; };
		CE763ADB2836993A00550A62 /* ToDoListView.swift */ = {isa = PBXFileReference; fileEncoding = 4; lastKnownFileType = sourcecode.swift; path = ToDoListView.swift; sourceTree = "<group>"; };
		CE763ADC2836993A00550A62 /* MainHostingController.swift */ = {isa = PBXFileReference; fileEncoding = 4; lastKnownFileType = sourcecode.swift; path = MainHostingController.swift; sourceTree = "<group>"; };
		CE763ADF28386FF300550A62 /* ToDoItemSource.swift */ = {isa = PBXFileReference; lastKnownFileType = sourcecode.swift; path = ToDoItemSource.swift; sourceTree = "<group>"; };
		CE763AE1283AFE6500550A62 /* API.swift */ = {isa = PBXFileReference; lastKnownFileType = sourcecode.swift; path = API.swift; sourceTree = "<group>"; };
		CE763AE3283AFEA500550A62 /* AppDependencies.swift */ = {isa = PBXFileReference; lastKnownFileType = sourcecode.swift; path = AppDependencies.swift; sourceTree = "<group>"; };
		D67F586B275839EC001CF295 /* SyncedToDoListApp.app */ = {isa = PBXFileReference; explicitFileType = wrapper.application; includeInIndex = 0; path = SyncedToDoListApp.app; sourceTree = BUILT_PRODUCTS_DIR; };
		D67F586E275839EC001CF295 /* AppDelegate.swift */ = {isa = PBXFileReference; lastKnownFileType = sourcecode.swift; path = AppDelegate.swift; sourceTree = "<group>"; };
		D67F5870275839EC001CF295 /* SceneDelegate.swift */ = {isa = PBXFileReference; lastKnownFileType = sourcecode.swift; path = SceneDelegate.swift; sourceTree = "<group>"; };
		D67F5875275839EC001CF295 /* Base */ = {isa = PBXFileReference; lastKnownFileType = file.storyboard; name = Base; path = Base.lproj/Main.storyboard; sourceTree = "<group>"; };
		D67F5877275839ED001CF295 /* Assets.xcassets */ = {isa = PBXFileReference; lastKnownFileType = folder.assetcatalog; path = Assets.xcassets; sourceTree = "<group>"; };
		D67F587A275839ED001CF295 /* Base */ = {isa = PBXFileReference; lastKnownFileType = file.storyboard; name = Base; path = Base.lproj/LaunchScreen.storyboard; sourceTree = "<group>"; };
		D67F587C275839ED001CF295 /* Info.plist */ = {isa = PBXFileReference; lastKnownFileType = text.plist.xml; path = Info.plist; sourceTree = "<group>"; };
/* End PBXFileReference section */

/* Begin PBXFrameworksBuildPhase section */
		D67F5868275839EC001CF295 /* Frameworks */ = {
			isa = PBXFrameworksBuildPhase;
			buildActionMask = 2147483647;
			files = (
				CE763AEB283D85D700550A62 /* OrderedCollections in Frameworks */,
				CE763AD828345C4400550A62 /* SourceArchitecture in Frameworks */,
			);
			runOnlyForDeploymentPostprocessing = 0;
		};
/* End PBXFrameworksBuildPhase section */

/* Begin PBXGroup section */
		CE763AD428345C3C00550A62 /* Packages */ = {
			isa = PBXGroup;
			children = (
				CE763AD528345C3C00550A62 /* SourceArchitecture */,
			);
			name = Packages;
			sourceTree = "<group>";
		};
		CE763AD628345C4400550A62 /* Frameworks */ = {
			isa = PBXGroup;
			children = (
			);
			name = Frameworks;
			sourceTree = "<group>";
		};
		D67F5862275839EC001CF295 = {
			isa = PBXGroup;
			children = (
				CE763AD428345C3C00550A62 /* Packages */,
				D67F586D275839EC001CF295 /* SyncedToDoListApp */,
				D67F586C275839EC001CF295 /* Products */,
				CE763AD628345C4400550A62 /* Frameworks */,
			);
			sourceTree = "<group>";
		};
		D67F586C275839EC001CF295 /* Products */ = {
			isa = PBXGroup;
			children = (
				D67F586B275839EC001CF295 /* SyncedToDoListApp.app */,
			);
			name = Products;
			sourceTree = "<group>";
		};
		D67F586D275839EC001CF295 /* SyncedToDoListApp */ = {
			isa = PBXGroup;
			children = (
				CE763AE1283AFE6500550A62 /* API.swift */,
				CE763AE3283AFEA500550A62 /* AppDependencies.swift */,
				CE763ADC2836993A00550A62 /* MainHostingController.swift */,
				CE763ADB2836993A00550A62 /* ToDoListView.swift */,
				CE763AD92835674400550A62 /* ToDoListSource.swift */,
				CE763ADF28386FF300550A62 /* ToDoItemSource.swift */,
				D67F586E275839EC001CF295 /* AppDelegate.swift */,
				D67F5870275839EC001CF295 /* SceneDelegate.swift */,
				D67F5874275839EC001CF295 /* Main.storyboard */,
				D67F5877275839ED001CF295 /* Assets.xcassets */,
				D67F5879275839ED001CF295 /* LaunchScreen.storyboard */,
				D67F587C275839ED001CF295 /* Info.plist */,
			);
			path = SyncedToDoListApp;
			sourceTree = "<group>";
		};
/* End PBXGroup section */

/* Begin PBXNativeTarget section */
		D67F586A275839EC001CF295 /* SyncedToDoListApp */ = {
			isa = PBXNativeTarget;
			buildConfigurationList = D67F587F275839ED001CF295 /* Build configuration list for PBXNativeTarget "SyncedToDoListApp" */;
			buildPhases = (
				D67F5867275839EC001CF295 /* Sources */,
				D67F5868275839EC001CF295 /* Frameworks */,
				D67F5869275839EC001CF295 /* Resources */,
			);
			buildRules = (
			);
			dependencies = (
			);
			name = SyncedToDoListApp;
			packageProductDependencies = (
				CE763AD728345C4400550A62 /* SourceArchitecture */,
				CE763AEA283D85D700550A62 /* OrderedCollections */,
			);
			productName = SyncedToDoListApp;
			productReference = D67F586B275839EC001CF295 /* SyncedToDoListApp.app */;
			productType = "com.apple.product-type.application";
		};
/* End PBXNativeTarget section */

/* Begin PBXProject section */
		D67F5863275839EC001CF295 /* Project object */ = {
			isa = PBXProject;
			attributes = {
				BuildIndependentTargetsInParallel = 1;
				LastSwiftUpdateCheck = 1320;
				LastUpgradeCheck = 1320;
				TargetAttributes = {
					D67F586A275839EC001CF295 = {
						CreatedOnToolsVersion = 13.2;
					};
				};
			};
			buildConfigurationList = D67F5866275839EC001CF295 /* Build configuration list for PBXProject "SyncedToDoListApp" */;
			compatibilityVersion = "Xcode 13.0";
			developmentRegion = en;
			hasScannedForEncodings = 0;
			knownRegions = (
				en,
				Base,
			);
			mainGroup = D67F5862275839EC001CF295;
			packageReferences = (
				CE763AE9283D85D700550A62 /* XCRemoteSwiftPackageReference "swift-collections" */,
			);
			productRefGroup = D67F586C275839EC001CF295 /* Products */;
			projectDirPath = "";
			projectRoot = "";
			targets = (
				D67F586A275839EC001CF295 /* SyncedToDoListApp */,
			);
		};
/* End PBXProject section */

/* Begin PBXResourcesBuildPhase section */
		D67F5869275839EC001CF295 /* Resources */ = {
			isa = PBXResourcesBuildPhase;
			buildActionMask = 2147483647;
			files = (
				D67F587B275839ED001CF295 /* LaunchScreen.storyboard in Resources */,
				D67F5878275839ED001CF295 /* Assets.xcassets in Resources */,
				D67F5876275839EC001CF295 /* Main.storyboard in Resources */,
			);
			runOnlyForDeploymentPostprocessing = 0;
		};
/* End PBXResourcesBuildPhase section */

/* Begin PBXSourcesBuildPhase section */
		D67F5867275839EC001CF295 /* Sources */ = {
			isa = PBXSourcesBuildPhase;
			buildActionMask = 2147483647;
			files = (
				CE763ADE2836993A00550A62 /* MainHostingController.swift in Sources */,
				D67F586F275839EC001CF295 /* AppDelegate.swift in Sources */,
				CE763ADA2835674400550A62 /* ToDoListSource.swift in Sources */,
				CE763AE028386FF300550A62 /* ToDoItemSource.swift in Sources */,
				D67F5871275839EC001CF295 /* SceneDelegate.swift in Sources */,
				CE763AE4283AFEA500550A62 /* AppDependencies.swift in Sources */,
				CE763AE2283AFE6500550A62 /* API.swift in Sources */,
				CE763ADD2836993A00550A62 /* ToDoListView.swift in Sources */,
			);
			runOnlyForDeploymentPostprocessing = 0;
		};
/* End PBXSourcesBuildPhase section */

/* Begin PBXVariantGroup section */
		D67F5874275839EC001CF295 /* Main.storyboard */ = {
			isa = PBXVariantGroup;
			children = (
				D67F5875275839EC001CF295 /* Base */,
			);
			name = Main.storyboard;
			sourceTree = "<group>";
		};
		D67F5879275839ED001CF295 /* LaunchScreen.storyboard */ = {
			isa = PBXVariantGroup;
			children = (
				D67F587A275839ED001CF295 /* Base */,
			);
			name = LaunchScreen.storyboard;
			sourceTree = "<group>";
		};
/* End PBXVariantGroup section */

/* Begin XCBuildConfiguration section */
		D67F587D275839ED001CF295 /* Debug */ = {
			isa = XCBuildConfiguration;
			buildSettings = {
				ALWAYS_SEARCH_USER_PATHS = NO;
				CLANG_ANALYZER_NONNULL = YES;
				CLANG_ANALYZER_NUMBER_OBJECT_CONVERSION = YES_AGGRESSIVE;
				CLANG_CXX_LANGUAGE_STANDARD = "gnu++17";
				CLANG_CXX_LIBRARY = "libc++";
				CLANG_ENABLE_MODULES = YES;
				CLANG_ENABLE_OBJC_ARC = YES;
				CLANG_ENABLE_OBJC_WEAK = YES;
				CLANG_WARN_BLOCK_CAPTURE_AUTORELEASING = YES;
				CLANG_WARN_BOOL_CONVERSION = YES;
				CLANG_WARN_COMMA = YES;
				CLANG_WARN_CONSTANT_CONVERSION = YES;
				CLANG_WARN_DEPRECATED_OBJC_IMPLEMENTATIONS = YES;
				CLANG_WARN_DIRECT_OBJC_ISA_USAGE = YES_ERROR;
				CLANG_WARN_DOCUMENTATION_COMMENTS = YES;
				CLANG_WARN_EMPTY_BODY = YES;
				CLANG_WARN_ENUM_CONVERSION = YES;
				CLANG_WARN_INFINITE_RECURSION = YES;
				CLANG_WARN_INT_CONVERSION = YES;
				CLANG_WARN_NON_LITERAL_NULL_CONVERSION = YES;
				CLANG_WARN_OBJC_IMPLICIT_RETAIN_SELF = YES;
				CLANG_WARN_OBJC_LITERAL_CONVERSION = YES;
				CLANG_WARN_OBJC_ROOT_CLASS = YES_ERROR;
				CLANG_WARN_QUOTED_INCLUDE_IN_FRAMEWORK_HEADER = YES;
				CLANG_WARN_RANGE_LOOP_ANALYSIS = YES;
				CLANG_WARN_STRICT_PROTOTYPES = YES;
				CLANG_WARN_SUSPICIOUS_MOVE = YES;
				CLANG_WARN_UNGUARDED_AVAILABILITY = YES_AGGRESSIVE;
				CLANG_WARN_UNREACHABLE_CODE = YES;
				CLANG_WARN__DUPLICATE_METHOD_MATCH = YES;
				COPY_PHASE_STRIP = NO;
				DEBUG_INFORMATION_FORMAT = dwarf;
				ENABLE_STRICT_OBJC_MSGSEND = YES;
				ENABLE_TESTABILITY = YES;
				GCC_C_LANGUAGE_STANDARD = gnu11;
				GCC_DYNAMIC_NO_PIC = NO;
				GCC_NO_COMMON_BLOCKS = YES;
				GCC_OPTIMIZATION_LEVEL = 0;
				GCC_PREPROCESSOR_DEFINITIONS = (
					"DEBUG=1",
					"$(inherited)",
				);
				GCC_WARN_64_TO_32_BIT_CONVERSION = YES;
				GCC_WARN_ABOUT_RETURN_TYPE = YES_ERROR;
				GCC_WARN_UNDECLARED_SELECTOR = YES;
				GCC_WARN_UNINITIALIZED_AUTOS = YES_AGGRESSIVE;
				GCC_WARN_UNUSED_FUNCTION = YES;
				GCC_WARN_UNUSED_VARIABLE = YES;
				IPHONEOS_DEPLOYMENT_TARGET = 15.0;
				MTL_ENABLE_DEBUG_INFO = INCLUDE_SOURCE;
				MTL_FAST_MATH = YES;
				ONLY_ACTIVE_ARCH = YES;
				SDKROOT = iphoneos;
				SWIFT_ACTIVE_COMPILATION_CONDITIONS = DEBUG;
				SWIFT_OPTIMIZATION_LEVEL = "-Onone";
			};
			name = Debug;
		};
		D67F587E275839ED001CF295 /* Release */ = {
			isa = XCBuildConfiguration;
			buildSettings = {
				ALWAYS_SEARCH_USER_PATHS = NO;
				CLANG_ANALYZER_NONNULL = YES;
				CLANG_ANALYZER_NUMBER_OBJECT_CONVERSION = YES_AGGRESSIVE;
				CLANG_CXX_LANGUAGE_STANDARD = "gnu++17";
				CLANG_CXX_LIBRARY = "libc++";
				CLANG_ENABLE_MODULES = YES;
				CLANG_ENABLE_OBJC_ARC = YES;
				CLANG_ENABLE_OBJC_WEAK = YES;
				CLANG_WARN_BLOCK_CAPTURE_AUTORELEASING = YES;
				CLANG_WARN_BOOL_CONVERSION = YES;
				CLANG_WARN_COMMA = YES;
				CLANG_WARN_CONSTANT_CONVERSION = YES;
				CLANG_WARN_DEPRECATED_OBJC_IMPLEMENTATIONS = YES;
				CLANG_WARN_DIRECT_OBJC_ISA_USAGE = YES_ERROR;
				CLANG_WARN_DOCUMENTATION_COMMENTS = YES;
				CLANG_WARN_EMPTY_BODY = YES;
				CLANG_WARN_ENUM_CONVERSION = YES;
				CLANG_WARN_INFINITE_RECURSION = YES;
				CLANG_WARN_INT_CONVERSION = YES;
				CLANG_WARN_NON_LITERAL_NULL_CONVERSION = YES;
				CLANG_WARN_OBJC_IMPLICIT_RETAIN_SELF = YES;
				CLANG_WARN_OBJC_LITERAL_CONVERSION = YES;
				CLANG_WARN_OBJC_ROOT_CLASS = YES_ERROR;
				CLANG_WARN_QUOTED_INCLUDE_IN_FRAMEWORK_HEADER = YES;
				CLANG_WARN_RANGE_LOOP_ANALYSIS = YES;
				CLANG_WARN_STRICT_PROTOTYPES = YES;
				CLANG_WARN_SUSPICIOUS_MOVE = YES;
				CLANG_WARN_UNGUARDED_AVAILABILITY = YES_AGGRESSIVE;
				CLANG_WARN_UNREACHABLE_CODE = YES;
				CLANG_WARN__DUPLICATE_METHOD_MATCH = YES;
				COPY_PHASE_STRIP = NO;
				DEBUG_INFORMATION_FORMAT = "dwarf-with-dsym";
				ENABLE_NS_ASSERTIONS = NO;
				ENABLE_STRICT_OBJC_MSGSEND = YES;
				GCC_C_LANGUAGE_STANDARD = gnu11;
				GCC_NO_COMMON_BLOCKS = YES;
				GCC_WARN_64_TO_32_BIT_CONVERSION = YES;
				GCC_WARN_ABOUT_RETURN_TYPE = YES_ERROR;
				GCC_WARN_UNDECLARED_SELECTOR = YES;
				GCC_WARN_UNINITIALIZED_AUTOS = YES_AGGRESSIVE;
				GCC_WARN_UNUSED_FUNCTION = YES;
				GCC_WARN_UNUSED_VARIABLE = YES;
				IPHONEOS_DEPLOYMENT_TARGET = 15.0;
				MTL_ENABLE_DEBUG_INFO = NO;
				MTL_FAST_MATH = YES;
				SDKROOT = iphoneos;
				SWIFT_COMPILATION_MODE = wholemodule;
				SWIFT_OPTIMIZATION_LEVEL = "-O";
				VALIDATE_PRODUCT = YES;
			};
			name = Release;
		};
		D67F5880275839ED001CF295 /* Debug */ = {
			isa = XCBuildConfiguration;
			buildSettings = {
				ASSETCATALOG_COMPILER_APPICON_NAME = AppIcon;
				ASSETCATALOG_COMPILER_GLOBAL_ACCENT_COLOR_NAME = AccentColor;
				CODE_SIGN_STYLE = Automatic;
				CURRENT_PROJECT_VERSION = 1;
				DEVELOPMENT_TEAM = J4X863D26U;
				GENERATE_INFOPLIST_FILE = YES;
				INFOPLIST_FILE = SyncedToDoListApp/Info.plist;
				INFOPLIST_KEY_UIApplicationSupportsIndirectInputEvents = YES;
				INFOPLIST_KEY_UILaunchStoryboardName = LaunchScreen;
				INFOPLIST_KEY_UIMainStoryboardFile = Main;
				INFOPLIST_KEY_UISupportedInterfaceOrientations_iPad = "UIInterfaceOrientationPortrait UIInterfaceOrientationPortraitUpsideDown UIInterfaceOrientationLandscapeLeft UIInterfaceOrientationLandscapeRight";
				INFOPLIST_KEY_UISupportedInterfaceOrientations_iPhone = "UIInterfaceOrientationPortrait UIInterfaceOrientationLandscapeLeft UIInterfaceOrientationLandscapeRight";
				LD_RUNPATH_SEARCH_PATHS = (
					"$(inherited)",
					"@executable_path/Frameworks",
				);
				MARKETING_VERSION = 1.0;
				PRODUCT_BUNDLE_IDENTIFIER = io.danielhall.SyncedToDoListApp;
				PRODUCT_NAME = "$(TARGET_NAME)";
				SWIFT_EMIT_LOC_STRINGS = YES;
				SWIFT_VERSION = 5.0;
				TARGETED_DEVICE_FAMILY = "1,2";
			};
			name = Debug;
		};
		D67F5881275839ED001CF295 /* Release */ = {
			isa = XCBuildConfiguration;
			buildSettings = {
				ASSETCATALOG_COMPILER_APPICON_NAME = AppIcon;
				ASSETCATALOG_COMPILER_GLOBAL_ACCENT_COLOR_NAME = AccentColor;
				CODE_SIGN_STYLE = Automatic;
				CURRENT_PROJECT_VERSION = 1;
				DEVELOPMENT_TEAM = J4X863D26U;
				GENERATE_INFOPLIST_FILE = YES;
				INFOPLIST_FILE = SyncedToDoListApp/Info.plist;
				INFOPLIST_KEY_UIApplicationSupportsIndirectInputEvents = YES;
				INFOPLIST_KEY_UILaunchStoryboardName = LaunchScreen;
				INFOPLIST_KEY_UIMainStoryboardFile = Main;
				INFOPLIST_KEY_UISupportedInterfaceOrientations_iPad = "UIInterfaceOrientationPortrait UIInterfaceOrientationPortraitUpsideDown UIInterfaceOrientationLandscapeLeft UIInterfaceOrientationLandscapeRight";
				INFOPLIST_KEY_UISupportedInterfaceOrientations_iPhone = "UIInterfaceOrientationPortrait UIInterfaceOrientationLandscapeLeft UIInterfaceOrientationLandscapeRight";
				LD_RUNPATH_SEARCH_PATHS = (
					"$(inherited)",
					"@executable_path/Frameworks",
				);
				MARKETING_VERSION = 1.0;
				PRODUCT_BUNDLE_IDENTIFIER = io.danielhall.SyncedToDoListApp;
				PRODUCT_NAME = "$(TARGET_NAME)";
				SWIFT_EMIT_LOC_STRINGS = YES;
				SWIFT_VERSION = 5.0;
				TARGETED_DEVICE_FAMILY = "1,2";
			};
			name = Release;
		};
/* End XCBuildConfiguration section */

/* Begin XCConfigurationList section */
		D67F5866275839EC001CF295 /* Build configuration list for PBXProject "SyncedToDoListApp" */ = {
			isa = XCConfigurationList;
			buildConfigurations = (
				D67F587D275839ED001CF295 /* Debug */,
				D67F587E275839ED001CF295 /* Release */,
			);
			defaultConfigurationIsVisible = 0;
			defaultConfigurationName = Release;
		};
		D67F587F275839ED001CF295 /* Build configuration list for PBXNativeTarget "SyncedToDoListApp" */ = {
			isa = XCConfigurationList;
			buildConfigurations = (
				D67F5880275839ED001CF295 /* Debug */,
				D67F5881275839ED001CF295 /* Release */,
			);
			defaultConfigurationIsVisible = 0;
			defaultConfigurationName = Release;
		};
/* End XCConfigurationList section */

/* Begin XCRemoteSwiftPackageReference section */
		CE763AE9283D85D700550A62 /* XCRemoteSwiftPackageReference "swift-collections" */ = {
			isa = XCRemoteSwiftPackageReference;
			repositoryURL = "https://github.com/apple/swift-collections.git";
			requirement = {
				kind = upToNextMajorVersion;
				minimumVersion = 1.0.0;
			};
		};
/* End XCRemoteSwiftPackageReference section */

/* Begin XCSwiftPackageProductDependency section */
		CE763AD728345C4400550A62 /* SourceArchitecture */ = {
			isa = XCSwiftPackageProductDependency;
			productName = SourceArchitecture;
		};
		CE763AEA283D85D700550A62 /* OrderedCollections */ = {
			isa = XCSwiftPackageProductDependency;
			package = CE763AE9283D85D700550A62 /* XCRemoteSwiftPackageReference "swift-collections" */;
			productName = OrderedCollections;
		};
/* End XCSwiftPackageProductDependency section */
	};
	rootObject = D67F5863275839EC001CF295 /* Project object */;
}
